lockfileVersion: 5.3

specifiers:
  '@reduxjs/toolkit': ^2.0.1
  immer: ^10.0.3
  redux: ^5.0.0
  typescript: ^5.3.2

dependencies:
  '@reduxjs/toolkit': 2.0.1
  immer: 10.0.3
  redux: 5.0.0
  typescript: 5.3.2

packages:

  /@reduxjs/toolkit/2.0.1:
    resolution: {integrity: sha512-fxIjrR9934cmS8YXIGd9e7s1XRsEU++aFc9DVNMFMRTM5Vtsg2DCRMj21eslGtDt43IUf9bJL3h5bwUlZleibA==}
    peerDependencies:
      react: ^16.9.0 || ^17.0.0 || ^18
      react-redux: ^7.2.1 || ^8.1.3 || ^9.0.0
    peerDependenciesMeta:
      react:
        optional: true
      react-redux:
        optional: true
    dependencies:
      immer: 10.0.3
      redux: 5.0.0
      redux-thunk: 3.1.0_redux@5.0.0
      reselect: 5.0.1
    dev: false

  /immer/10.0.3:
    resolution: {integrity: sha512-pwupu3eWfouuaowscykeckFmVTpqbzW+rXFCX8rQLkZzM9ftBmU/++Ra+o+L27mz03zJTlyV4UUr+fdKNffo4A==}
    dev: false

  /redux-thunk/3.1.0_redux@5.0.0:
    resolution: {integrity: sha512-NW2r5T6ksUKXCabzhL9z+h206HQw/NJkcLm1GPImRQ8IzfXwRGqjVhKJGauHirT0DAuyy6hjdnMZaRoAcy0Klw==}
    peerDependencies:
      redux: ^5.0.0
    dependencies:
      redux: 5.0.0
    dev: false

  /redux/5.0.0:
    resolution: {integrity: sha512-blLIYmYetpZMET6Q6uCY7Jtl/Im5OBldy+vNPauA8vvsdqyt66oep4EUpAMWNHauTC6xa9JuRPhRB72rY82QGA==}
    dev: false

  /reselect/5.0.1:
    resolution: {integrity: sha512-D72j2ubjgHpvuCiORWkOUxndHJrxDaSolheiz5CO+roz8ka97/4msh2E8F5qay4GawR5vzBt5MkbDHT+Rdy/Wg==}
    dev: false

  /typescript/5.3.2:
    resolution: {integrity: sha512-6l+RyNy7oAHDfxC4FzSJcz9vnjTKxrLpDG5M2Vu4SHRVNg6xzqZp6LYSR9zjqQTu8DU/f5xwxUdADOkbrIX2gQ==}
    engines: {node: '>=14.17'}
    hasBin: true
    dev: false
